
Microsoft Visual Studio Solution File, Format Version 12.00
# Visual Studio Version 16
VisualStudioVersion = 16.0.30413.136
MinimumVisualStudioVersion = 10.0.40219.1
Project("{FAE04EC0-301F-11D3-BF4B-00C04F79EFBC}") = "Elemendide_App.Android", "Elemendide_App.Android\Elemendide_App.Android.csproj", "{B201C4DF-52C4-421A-A478-A518E0325A38}"
EndProject
Project("{FAE04EC0-301F-11D3-BF4B-00C04F79EFBC}") = "Elemendide_App", "Elemendide_App\Elemendide_App.csproj", "{77B2B565-A6D1-4E22-B9C7-A62D4649422D}"
EndProject
Global
	GlobalSection(SolutionConfigurationPlatforms) = preSolution
		Debug|Any CPU = Debug|Any CPU
		Release|Any CPU = Release|Any CPU
	EndGlobalSection
	GlobalSection(ProjectConfigurationPlatforms) = postSolution
		{B201C4DF-52C4-421A-A478-A518E0325A38}.Debug|Any CPU.ActiveCfg = Debug|Any CPU
		{B201C4DF-52C4-421A-A478-A518E0325A38}.Debug|Any CPU.Build.0 = Debug|Any CPU
		{B201C4DF-52C4-421A-A478-A518E0325A38}.Debug|Any CPU.Deploy.0 = Debug|Any CPU
		{B201C4DF-52C4-421A-A478-A518E0325A38}.Release|Any CPU.ActiveCfg = Release|Any CPU
		{B201C4DF-52C4-421A-A478-A518E0325A38}.Release|Any CPU.Build.0 = Release|Any CPU
		{B201C4DF-52C4-421A-A478-A518E0325A38}.Release|Any CPU.Deploy.0 = Release|Any CPU
		{77B2B565-A6D1-4E22-B9C7-A62D4649422D}.Debug|Any CPU.ActiveCfg = Debug|Any CPU
		{77B2B565-A6D1-4E22-B9C7-A62D4649422D}.Debug|Any CPU.Build.0 = Debug|Any CPU
		{77B2B565-A6D1-4E22-B9C7-A62D4649422D}.Debug|Any CPU.Deploy.0 = Debug|Any CPU
		{77B2B565-A6D1-4E22-B9C7-A62D4649422D}.Release|Any CPU.ActiveCfg = Release|Any CPU
		{77B2B565-A6D1-4E22-B9C7-A62D4649422D}.Release|Any CPU.Build.0 = Release|Any CPU
		{77B2B565-A6D1-4E22-B9C7-A62D4649422D}.Release|Any CPU.Deploy.0 = Release|Any CPU
	EndGlobalSection
	GlobalSection(SolutionProperties) = preSolution
		HideSolutionNode = FALSE
	EndGlobalSection
	GlobalSection(ExtensibilityGlobals) = postSolution
		SolutionGuid = {8A3B2A3B-6297-4CE4-B570-A383280150CD}
	EndGlobalSection
EndGlobal
